// !$*UTF8*$!
{
	archiveVersion = 1;
	classes = {
	};
	objectVersion = 48;
	objects = {

/* Begin PBXBuildFile section */
		11A4E6701DC24A0B001470BF /* AppDelegate.swift in Sources */ = {isa = PBXBuildFile; fileRef = 11A4E66F1DC24A0B001470BF /* AppDelegate.swift */; };
		11A4E6721DC24A0B001470BF /* Assets.xcassets in Resources */ = {isa = PBXBuildFile; fileRef = 11A4E6711DC24A0B001470BF /* Assets.xcassets */; };
		11A4E6751DC24A0B001470BF /* MainMenu.xib in Resources */ = {isa = PBXBuildFile; fileRef = 11A4E6731DC24A0B001470BF /* MainMenu.xib */; };
		11A4E67F1DC24F40001470BF /* StatusMenuController.swift in Sources */ = {isa = PBXBuildFile; fileRef = 11A4E67E1DC24F40001470BF /* StatusMenuController.swift */; };
		11A4E6811DC252AE001470BF /* NarodMonAPI.swift in Sources */ = {isa = PBXBuildFile; fileRef = 11A4E6801DC252AE001470BF /* NarodMonAPI.swift */; };
/* End PBXBuildFile section */

/* Begin PBXFileReference section */
		11A4E66C1DC24A0B001470BF /* NarodMonWidget.app */ = {isa = PBXFileReference; explicitFileType = wrapper.application; includeInIndex = 0; path = NarodMonWidget.app; sourceTree = BUILT_PRODUCTS_DIR; };
		11A4E66F1DC24A0B001470BF /* AppDelegate.swift */ = {isa = PBXFileReference; lastKnownFileType = sourcecode.swift; path = AppDelegate.swift; sourceTree = "<group>"; };
		11A4E6711DC24A0B001470BF /* Assets.xcassets */ = {isa = PBXFileReference; lastKnownFileType = folder.assetcatalog; path = Assets.xcassets; sourceTree = "<group>"; };
		11A4E6741DC24A0B001470BF /* Base */ = {isa = PBXFileReference; lastKnownFileType = file.xib; name = Base; path = Base.lproj/MainMenu.xib; sourceTree = "<group>"; };
		11A4E6761DC24A0B001470BF /* Info.plist */ = {isa = PBXFileReference; lastKnownFileType = text.plist.xml; path = Info.plist; sourceTree = "<group>"; };
		11A4E67D1DC24A7D001470BF /* NarodMonWidget.entitlements */ = {isa = PBXFileReference; lastKnownFileType = text.plist.entitlements; path = NarodMonWidget.entitlements; sourceTree = "<group>"; };
		11A4E67E1DC24F40001470BF /* StatusMenuController.swift */ = {isa = PBXFileReference; fileEncoding = 4; lastKnownFileType = sourcecode.swift; path = StatusMenuController.swift; sourceTree = "<group>"; };
		11A4E6801DC252AE001470BF /* NarodMonAPI.swift */ = {isa = PBXFileReference; fileEncoding = 4; lastKnownFileType = sourcecode.swift; path = NarodMonAPI.swift; sourceTree = "<group>"; };
		11A4E6851DC2FB73001470BF /* NarodMonWidget-Bridging-Header.h */ = {isa = PBXFileReference; lastKnownFileType = sourcecode.c.h; path = "NarodMonWidget-Bridging-Header.h"; sourceTree = "<group>"; };
/* End PBXFileReference section */

/* Begin PBXFrameworksBuildPhase section */
		11A4E6691DC24A0B001470BF /* Frameworks */ = {
			isa = PBXFrameworksBuildPhase;
			buildActionMask = 2147483647;
			files = (
			);
			runOnlyForDeploymentPostprocessing = 0;
		};
/* End PBXFrameworksBuildPhase section */

/* Begin PBXGroup section */
		11A4E6631DC24A0A001470BF = {
			isa = PBXGroup;
			children = (
				11A4E66E1DC24A0B001470BF /* NarodMonWidget */,
				11A4E66D1DC24A0B001470BF /* Products */,
			);
			sourceTree = "<group>";
		};
		11A4E66D1DC24A0B001470BF /* Products */ = {
			isa = PBXGroup;
			children = (
				11A4E66C1DC24A0B001470BF /* NarodMonWidget.app */,
			);
			name = Products;
			sourceTree = "<group>";
		};
		11A4E66E1DC24A0B001470BF /* NarodMonWidget */ = {
			isa = PBXGroup;
			children = (
				11A4E67D1DC24A7D001470BF /* NarodMonWidget.entitlements */,
				11A4E66F1DC24A0B001470BF /* AppDelegate.swift */,
				11A4E6711DC24A0B001470BF /* Assets.xcassets */,
				11A4E6731DC24A0B001470BF /* MainMenu.xib */,
				11A4E6801DC252AE001470BF /* NarodMonAPI.swift */,
				11A4E67E1DC24F40001470BF /* StatusMenuController.swift */,
				11A4E6761DC24A0B001470BF /* Info.plist */,
				11A4E6851DC2FB73001470BF /* NarodMonWidget-Bridging-Header.h */,
			);
			path = NarodMonWidget;
			sourceTree = "<group>";
		};
/* End PBXGroup section */

/* Begin PBXNativeTarget section */
		11A4E66B1DC24A0B001470BF /* NarodMonWidget */ = {
			isa = PBXNativeTarget;
			buildConfigurationList = 11A4E6791DC24A0B001470BF /* Build configuration list for PBXNativeTarget "NarodMonWidget" */;
			buildPhases = (
				11A4E6681DC24A0B001470BF /* Sources */,
				11A4E6691DC24A0B001470BF /* Frameworks */,
				11A4E67C1DC24A52001470BF /* Increment Build */,
				11A4E66A1DC24A0B001470BF /* Resources */,
			);
			buildRules = (
			);
			dependencies = (
			);
			name = NarodMonWidget;
			productName = NarodMonWidget;
			productReference = 11A4E66C1DC24A0B001470BF /* NarodMonWidget.app */;
			productType = "com.apple.product-type.application";
		};
/* End PBXNativeTarget section */

/* Begin PBXProject section */
		11A4E6641DC24A0A001470BF /* Project object */ = {
			isa = PBXProject;
			attributes = {
				LastSwiftUpdateCheck = 0800;
				LastUpgradeCheck = 0810;
				ORGANIZATIONNAME = "Никита Тимофеев";
				TargetAttributes = {
					11A4E66B1DC24A0B001470BF = {
						CreatedOnToolsVersion = 8.0;
						LastSwiftMigration = 0800;
						ProvisioningStyle = Automatic;
						SystemCapabilities = {
							com.apple.Sandbox = {
								enabled = 1;
							};
						};
					};
				};
			};
			buildConfigurationList = 11A4E6671DC24A0A001470BF /* Build configuration list for PBXProject "NarodMonWidget" */;
			compatibilityVersion = "Xcode 8.0";
			developmentRegion = English;
			hasScannedForEncodings = 0;
			knownRegions = (
				en,
				Base,
			);
			mainGroup = 11A4E6631DC24A0A001470BF;
			productRefGroup = 11A4E66D1DC24A0B001470BF /* Products */;
			projectDirPath = "";
			projectRoot = "";
			targets = (
				11A4E66B1DC24A0B001470BF /* NarodMonWidget */,
			);
		};
/* End PBXProject section */

/* Begin PBXResourcesBuildPhase section */
		11A4E66A1DC24A0B001470BF /* Resources */ = {
			isa = PBXResourcesBuildPhase;
			buildActionMask = 2147483647;
			files = (
				11A4E6721DC24A0B001470BF /* Assets.xcassets in Resources */,
				11A4E6751DC24A0B001470BF /* MainMenu.xib in Resources */,
			);
			runOnlyForDeploymentPostprocessing = 0;
		};
/* End PBXResourcesBuildPhase section */

/* Begin PBXShellScriptBuildPhase section */
		11A4E67C1DC24A52001470BF /* Increment Build */ = {
			isa = PBXShellScriptBuildPhase;
			buildActionMask = 2147483647;
			files = (
			);
			inputPaths = (
			);
			name = "Increment Build";
			outputPaths = (
			);
			runOnlyForDeploymentPostprocessing = 0;
			shellPath = /bin/sh;
			shellScript = "buildNumber=$(/usr/libexec/PlistBuddy -c \"Print CFBundleVersion\" \"${PROJECT_DIR}/${INFOPLIST_FILE}\")\nbuildNumber=$(($buildNumber + 1))\n/usr/libexec/PlistBuddy -c \"Set :CFBundleVersion $buildNumber\" \"${PROJECT_DIR}/${INFOPLIST_FILE}\"";
			showEnvVarsInLog = 0;
		};
/* End PBXShellScriptBuildPhase section */

/* Begin PBXSourcesBuildPhase section */
		11A4E6681DC24A0B001470BF /* Sources */ = {
			isa = PBXSourcesBuildPhase;
			buildActionMask = 2147483647;
			files = (
				11A4E67F1DC24F40001470BF /* StatusMenuController.swift in Sources */,
				11A4E6811DC252AE001470BF /* NarodMonAPI.swift in Sources */,
				11A4E6701DC24A0B001470BF /* AppDelegate.swift in Sources */,
			);
			runOnlyForDeploymentPostprocessing = 0;
		};
/* End PBXSourcesBuildPhase section */

/* Begin PBXVariantGroup section */
		11A4E6731DC24A0B001470BF /* MainMenu.xib */ = {
			isa = PBXVariantGroup;
			children = (
				11A4E6741DC24A0B001470BF /* Base */,
			);
			name = MainMenu.xib;
			sourceTree = "<group>";
		};
/* End PBXVariantGroup section */

/* Begin XCBuildConfiguration section */
		11A4E6771DC24A0B001470BF /* Debug */ = {
			isa = XCBuildConfiguration;
			buildSettings = {
				ALWAYS_SEARCH_USER_PATHS = NO;
				CLANG_ANALYZER_NONNULL = YES;
				CLANG_CXX_LANGUAGE_STANDARD = "gnu++0x";
				CLANG_CXX_LIBRARY = "libc++";
				CLANG_ENABLE_MODULES = YES;
				CLANG_ENABLE_OBJC_ARC = YES;
				CLANG_WARN_BOOL_CONVERSION = YES;
				CLANG_WARN_CONSTANT_CONVERSION = YES;
				CLANG_WARN_DIRECT_OBJC_ISA_USAGE = YES_ERROR;
				CLANG_WARN_DOCUMENTATION_COMMENTS = YES;
				CLANG_WARN_EMPTY_BODY = YES;
				CLANG_WARN_ENUM_CONVERSION = YES;
				CLANG_WARN_INFINITE_RECURSION = YES;
				CLANG_WARN_INT_CONVERSION = YES;
				CLANG_WARN_OBJC_ROOT_CLASS = YES_ERROR;
				CLANG_WARN_SUSPICIOUS_MOVE = YES;
				CLANG_WARN_SUSPICIOUS_MOVES = YES;
				CLANG_WARN_UNREACHABLE_CODE = YES;
				CLANG_WARN__DUPLICATE_METHOD_MATCH = YES;
				CODE_SIGN_IDENTITY = "-";
				COPY_PHASE_STRIP = NO;
				DEBUG_INFORMATION_FORMAT = dwarf;
				ENABLE_STRICT_OBJC_MSGSEND = YES;
				ENABLE_TESTABILITY = YES;
				GCC_C_LANGUAGE_STANDARD = gnu99;
				GCC_DYNAMIC_NO_PIC = NO;
				GCC_NO_COMMON_BLOCKS = YES;
				GCC_OPTIMIZATION_LEVEL = 0;
				GCC_PREPROCESSOR_DEFINITIONS = (
					"DEBUG=1",
					"$(inherited)",
				);
				GCC_WARN_64_TO_32_BIT_CONVERSION = YES;
				GCC_WARN_ABOUT_RETURN_TYPE = YES_ERROR;
				GCC_WARN_UNDECLARED_SELECTOR = YES;
				GCC_WARN_UNINITIALIZED_AUTOS = YES_AGGRESSIVE;
				GCC_WARN_UNUSED_FUNCTION = YES;
				GCC_WARN_UNUSED_VARIABLE = YES;
				MACOSX_DEPLOYMENT_TARGET = 10.10;
				MTL_ENABLE_DEBUG_INFO = YES;
				ONLY_ACTIVE_ARCH = YES;
				SDKROOT = macosx;
				SWIFT_ACTIVE_COMPILATION_CONDITIONS = DEBUG;
				SWIFT_OPTIMIZATION_LEVEL = "-Onone";
			};
			name = Debug;
		};
		11A4E6781DC24A0B001470BF /* Release */ = {
			isa = XCBuildConfiguration;
			buildSettings = {
				ALWAYS_SEARCH_USER_PATHS = NO;
				CLANG_ANALYZER_NONNULL = YES;
				CLANG_CXX_LANGUAGE_STANDARD = "gnu++0x";
				CLANG_CXX_LIBRARY = "libc++";
				CLANG_ENABLE_MODULES = YES;
				CLANG_ENABLE_OBJC_ARC = YES;
				CLANG_WARN_BOOL_CONVERSION = YES;
				CLANG_WARN_CONSTANT_CONVERSION = YES;
				CLANG_WARN_DIRECT_OBJC_ISA_USAGE = YES_ERROR;
				CLANG_WARN_DOCUMENTATION_COMMENTS = YES;
				CLANG_WARN_EMPTY_BODY = YES;
				CLANG_WARN_ENUM_CONVERSION = YES;
				CLANG_WARN_INFINITE_RECURSION = YES;
				CLANG_WARN_INT_CONVERSION = YES;
				CLANG_WARN_OBJC_ROOT_CLASS = YES_ERROR;
				CLANG_WARN_SUSPICIOUS_MOVE = YES;
				CLANG_WARN_SUSPICIOUS_MOVES = YES;
				CLANG_WARN_UNREACHABLE_CODE = YES;
				CLANG_WARN__DUPLICATE_METHOD_MATCH = YES;
				CODE_SIGN_IDENTITY = "-";
				COPY_PHASE_STRIP = NO;
				DEBUG_INFORMATION_FORMAT = "dwarf-with-dsym";
				ENABLE_NS_ASSERTIONS = NO;
				ENABLE_STRICT_OBJC_MSGSEND = YES;
				GCC_C_LANGUAGE_STANDARD = gnu99;
				GCC_NO_COMMON_BLOCKS = YES;
				GCC_WARN_64_TO_32_BIT_CONVERSION = YES;
				GCC_WARN_ABOUT_RETURN_TYPE = YES_ERROR;
				GCC_WARN_UNDECLARED_SELECTOR = YES;
				GCC_WARN_UNINITIALIZED_AUTOS = YES_AGGRESSIVE;
				GCC_WARN_UNUSED_FUNCTION = YES;
				GCC_WARN_UNUSED_VARIABLE = YES;
				MACOSX_DEPLOYMENT_TARGET = 10.10;
				MTL_ENABLE_DEBUG_INFO = NO;
				SDKROOT = macosx;
				SWIFT_OPTIMIZATION_LEVEL = "-Owholemodule";
			};
			name = Release;
		};
		11A4E67A1DC24A0B001470BF /* Debug */ = {
			isa = XCBuildConfiguration;
			buildSettings = {
				ASSETCATALOG_COMPILER_APPICON_NAME = AppIcon;
				CLANG_ENABLE_MODULES = YES;
				CODE_SIGN_ENTITLEMENTS = NarodMonWidget/NarodMonWidget.entitlements;
				CODE_SIGN_IDENTITY = "Mac Developer";
				COMBINE_HIDPI_IMAGES = YES;
				DEVELOPMENT_TEAM = K8RU6J728Q;
				INFOPLIST_FILE = NarodMonWidget/Info.plist;
				LD_RUNPATH_SEARCH_PATHS = "$(inherited) @executable_path/../Frameworks";
				MACOSX_DEPLOYMENT_TARGET = 10.10;
				PRODUCT_BUNDLE_IDENTIFIER = "ru.niki-timofe.NarodMonWidget";
				PRODUCT_NAME = "$(TARGET_NAME)";
				SWIFT_OBJC_BRIDGING_HEADER = "NarodMonWidget/NarodMonWidget-Bridging-Header.h";
				SWIFT_OPTIMIZATION_LEVEL = "-Onone";
				SWIFT_VERSION = 3.0;
			};
			name = Debug;
		};
		11A4E67B1DC24A0B001470BF /* Release */ = {
			isa = XCBuildConfiguration;
			buildSettings = {
				ASSETCATALOG_COMPILER_APPICON_NAME = AppIcon;
				CLANG_ENABLE_MODULES = YES;
				CODE_SIGN_ENTITLEMENTS = NarodMonWidget/NarodMonWidget.entitlements;
				CODE_SIGN_IDENTITY = "Mac Developer";
				COMBINE_HIDPI_IMAGES = YES;
				DEVELOPMENT_TEAM = K8RU6J728Q;
				INFOPLIST_FILE = NarodMonWidget/Info.plist;
				LD_RUNPATH_SEARCH_PATHS = "$(inherited) @executable_path/../Frameworks";
				MACOSX_DEPLOYMENT_TARGET = 10.10;
				PRODUCT_BUNDLE_IDENTIFIER = "ru.niki-timofe.NarodMonWidget";
				PRODUCT_NAME = "$(TARGET_NAME)";
				SWIFT_OBJC_BRIDGING_HEADER = "NarodMonWidget/NarodMonWidget-Bridging-Header.h";
				SWIFT_VERSION = 3.0;
			};
			name = Release;
		};
/* End XCBuildConfiguration section */

/* Begin XCConfigurationList section */
		11A4E6671DC24A0A001470BF /* Build configuration list for PBXProject "NarodMonWidget" */ = {
			isa = XCConfigurationList;
			buildConfigurations = (
				11A4E6771DC24A0B001470BF /* Debug */,
				11A4E6781DC24A0B001470BF /* Release */,
			);
			defaultConfigurationIsVisible = 0;
			defaultConfigurationName = Release;
		};
		11A4E6791DC24A0B001470BF /* Build configuration list for PBXNativeTarget "NarodMonWidget" */ = {
			isa = XCConfigurationList;
			buildConfigurations = (
				11A4E67A1DC24A0B001470BF /* Debug */,
				11A4E67B1DC24A0B001470BF /* Release */,
			);
			defaultConfigurationIsVisible = 0;
			defaultConfigurationName = Release;
		};
/* End XCConfigurationList section */
	};
	rootObject = 11A4E6641DC24A0A001470BF /* Project object */;
}
