// !$*UTF8*$!
{
	archiveVersion = 1;
	classes = {
	};
	objectVersion = 48;
	objects = {

/* Begin PBXBuildFile section */
		112636A61E82EF5800599AB0 /* StatusMenuController.swift in Sources */ = {isa = PBXBuildFile; fileRef = 112636A51E82EF5800599AB0 /* StatusMenuController.swift */; };
		112636A81E82F20300599AB0 /* NarodMonAPI.swift in Sources */ = {isa = PBXBuildFile; fileRef = 112636A71E82F20300599AB0 /* NarodMonAPI.swift */; };
		11A3D1DF1E82CE5D00E7163D /* AppDelegate.swift in Sources */ = {isa = PBXBuildFile; fileRef = 11A3D1DE1E82CE5D00E7163D /* AppDelegate.swift */; };
		11A3D1E11E82CE5D00E7163D /* Assets.xcassets in Resources */ = {isa = PBXBuildFile; fileRef = 11A3D1E01E82CE5D00E7163D /* Assets.xcassets */; };
		11A3D1F41E82D36D00E7163D /* main.swift in Sources */ = {isa = PBXBuildFile; fileRef = 11A3D1F31E82D36D00E7163D /* main.swift */; };
/* End PBXBuildFile section */

/* Begin PBXFileReference section */
		112636A51E82EF5800599AB0 /* StatusMenuController.swift */ = {isa = PBXFileReference; fileEncoding = 4; lastKnownFileType = sourcecode.swift; path = StatusMenuController.swift; sourceTree = "<group>"; };
		112636A71E82F20300599AB0 /* NarodMonAPI.swift */ = {isa = PBXFileReference; fileEncoding = 4; lastKnownFileType = sourcecode.swift; path = NarodMonAPI.swift; sourceTree = "<group>"; };
		11775E9C1E88AB2D00EB88B0 /* BridgingHeader.h */ = {isa = PBXFileReference; fileEncoding = 4; lastKnownFileType = sourcecode.c.h; name = BridgingHeader.h; path = NarodMonMenubarApp/BridgingHeader.h; sourceTree = SOURCE_ROOT; };
		117CA21D1E8317E400FC406C /* NarodMonMenubarApp.entitlements */ = {isa = PBXFileReference; lastKnownFileType = text.plist.entitlements; path = NarodMonMenubarApp.entitlements; sourceTree = "<group>"; };
		11A3D1DB1E82CE5D00E7163D /* Народный мониторинг.app */ = {isa = PBXFileReference; explicitFileType = wrapper.application; includeInIndex = 0; path = "Народный мониторинг.app"; sourceTree = BUILT_PRODUCTS_DIR; };
		11A3D1DE1E82CE5D00E7163D /* AppDelegate.swift */ = {isa = PBXFileReference; lastKnownFileType = sourcecode.swift; path = AppDelegate.swift; sourceTree = "<group>"; };
		11A3D1E01E82CE5D00E7163D /* Assets.xcassets */ = {isa = PBXFileReference; lastKnownFileType = folder.assetcatalog; path = Assets.xcassets; sourceTree = "<group>"; };
		11A3D1E51E82CE5D00E7163D /* Info.plist */ = {isa = PBXFileReference; lastKnownFileType = text.plist.xml; path = Info.plist; sourceTree = "<group>"; };
		11A3D1F31E82D36D00E7163D /* main.swift */ = {isa = PBXFileReference; fileEncoding = 4; lastKnownFileType = sourcecode.swift; path = main.swift; sourceTree = "<group>"; };
/* End PBXFileReference section */

/* Begin PBXFrameworksBuildPhase section */
		11A3D1D81E82CE5D00E7163D /* Frameworks */ = {
			isa = PBXFrameworksBuildPhase;
			buildActionMask = 2147483647;
			files = (
			);
			runOnlyForDeploymentPostprocessing = 0;
		};
/* End PBXFrameworksBuildPhase section */

/* Begin PBXGroup section */
		11775E9E1E88B3E300EB88B0 /* Sources */ = {
			isa = PBXGroup;
			children = (
				11775E9C1E88AB2D00EB88B0 /* BridgingHeader.h */,
				11A3D1F31E82D36D00E7163D /* main.swift */,
				11A3D1DE1E82CE5D00E7163D /* AppDelegate.swift */,
				112636A71E82F20300599AB0 /* NarodMonAPI.swift */,
				112636A51E82EF5800599AB0 /* StatusMenuController.swift */,
			);
			name = Sources;
			sourceTree = "<group>";
		};
		11A3D1D21E82CE5D00E7163D = {
			isa = PBXGroup;
			children = (
				11A3D1DD1E82CE5D00E7163D /* NarodMonMenubarApp */,
				11A3D1DC1E82CE5D00E7163D /* Products */,
			);
			sourceTree = "<group>";
		};
		11A3D1DC1E82CE5D00E7163D /* Products */ = {
			isa = PBXGroup;
			children = (
				11A3D1DB1E82CE5D00E7163D /* Народный мониторинг.app */,
			);
			name = Products;
			sourceTree = "<group>";
		};
		11A3D1DD1E82CE5D00E7163D /* NarodMonMenubarApp */ = {
			isa = PBXGroup;
			children = (
				11A3D1E51E82CE5D00E7163D /* Info.plist */,
				11775E9E1E88B3E300EB88B0 /* Sources */,
				11A3D1E01E82CE5D00E7163D /* Assets.xcassets */,
				117CA21D1E8317E400FC406C /* NarodMonMenubarApp.entitlements */,
			);
			path = NarodMonMenubarApp;
			sourceTree = "<group>";
		};
/* End PBXGroup section */

/* Begin PBXNativeTarget section */
		11A3D1DA1E82CE5D00E7163D /* Народный мониторинг */ = {
			isa = PBXNativeTarget;
			buildConfigurationList = 11A3D1E81E82CE5D00E7163D /* Build configuration list for PBXNativeTarget "Народный мониторинг" */;
			buildPhases = (
				11A3D1D71E82CE5D00E7163D /* Sources */,
				11B8D29A1E86923700E834D4 /* Increment Build */,
				11A3D1D81E82CE5D00E7163D /* Frameworks */,
				11A3D1D91E82CE5D00E7163D /* Resources */,
			);
			buildRules = (
			);
			dependencies = (
			);
			name = "Народный мониторинг";
			productName = NarodMonMenubarApp;
			productReference = 11A3D1DB1E82CE5D00E7163D /* Народный мониторинг.app */;
			productType = "com.apple.product-type.application";
		};
/* End PBXNativeTarget section */

/* Begin PBXProject section */
		11A3D1D31E82CE5D00E7163D /* Project object */ = {
			isa = PBXProject;
			attributes = {
				LastSwiftUpdateCheck = 0820;
				LastUpgradeCheck = 0820;
				ORGANIZATIONNAME = "Nikita Timofeev";
				TargetAttributes = {
					11A3D1DA1E82CE5D00E7163D = {
						CreatedOnToolsVersion = 8.2.1;
						ProvisioningStyle = Automatic;
						SystemCapabilities = {
							com.apple.Sandbox = {
								enabled = 1;
							};
						};
					};
				};
			};
			buildConfigurationList = 11A3D1D61E82CE5D00E7163D /* Build configuration list for PBXProject "NarodMonMenubarApp" */;
			compatibilityVersion = "Xcode 8.0";
			developmentRegion = English;
			hasScannedForEncodings = 0;
			mainGroup = 11A3D1D21E82CE5D00E7163D;
			productRefGroup = 11A3D1DC1E82CE5D00E7163D /* Products */;
			projectDirPath = "";
			projectRoot = "";
			targets = (
				11A3D1DA1E82CE5D00E7163D /* Народный мониторинг */,
			);
		};
/* End PBXProject section */

/* Begin PBXResourcesBuildPhase section */
		11A3D1D91E82CE5D00E7163D /* Resources */ = {
			isa = PBXResourcesBuildPhase;
			buildActionMask = 2147483647;
			files = (
				11A3D1E11E82CE5D00E7163D /* Assets.xcassets in Resources */,
			);
			runOnlyForDeploymentPostprocessing = 0;
		};
/* End PBXResourcesBuildPhase section */

/* Begin PBXShellScriptBuildPhase section */
		11B8D29A1E86923700E834D4 /* Increment Build */ = {
			isa = PBXShellScriptBuildPhase;
			buildActionMask = 12;
			files = (
			);
			inputPaths = (
			);
			name = "Increment Build";
			outputPaths = (
			);
			runOnlyForDeploymentPostprocessing = 0;
			shellPath = /bin/sh;
			shellScript = "buildNumber=$(/usr/libexec/PlistBuddy -c \"Print CFBundleVersion\" \"${PROJECT_DIR}/${INFOPLIST_FILE}\")\nbuildNumber=$(($buildNumber + 1))\n/usr/libexec/PlistBuddy -c \"Set :CFBundleVersion $buildNumber\" \"${PROJECT_DIR}/${INFOPLIST_FILE}\"";
		};
/* End PBXShellScriptBuildPhase section */

/* Begin PBXSourcesBuildPhase section */
		11A3D1D71E82CE5D00E7163D /* Sources */ = {
			isa = PBXSourcesBuildPhase;
			buildActionMask = 2147483647;
			files = (
				112636A81E82F20300599AB0 /* NarodMonAPI.swift in Sources */,
				11A3D1F41E82D36D00E7163D /* main.swift in Sources */,
				112636A61E82EF5800599AB0 /* StatusMenuController.swift in Sources */,
				11A3D1DF1E82CE5D00E7163D /* AppDelegate.swift in Sources */,
			);
			runOnlyForDeploymentPostprocessing = 0;
		};
/* End PBXSourcesBuildPhase section */

/* Begin XCBuildConfiguration section */
		11A3D1E61E82CE5D00E7163D /* Debug */ = {
			isa = XCBuildConfiguration;
			buildSettings = {
				CLANG_ANALYZER_NONNULL = YES;
				CLANG_ENABLE_MODULES = YES;
				CLANG_WARN_BOOL_CONVERSION = YES;
				CLANG_WARN_CONSTANT_CONVERSION = YES;
				CLANG_WARN_DIRECT_OBJC_ISA_USAGE = YES_ERROR;
				CLANG_WARN_DOCUMENTATION_COMMENTS = YES;
				CLANG_WARN_EMPTY_BODY = YES;
				CLANG_WARN_ENUM_CONVERSION = YES;
				CLANG_WARN_INFINITE_RECURSION = YES;
				CLANG_WARN_INT_CONVERSION = YES;
				CLANG_WARN_OBJC_ROOT_CLASS = YES_ERROR;
				CLANG_WARN_SUSPICIOUS_MOVE = YES;
				CLANG_WARN_UNREACHABLE_CODE = YES;
				CLANG_WARN__DUPLICATE_METHOD_MATCH = YES;
				CODE_SIGN_IDENTITY = "Mac Developer: niki-timofe@ya.ru (2K765C2VK3)";
				DEVELOPMENT_TEAM = K8RU6J728Q;
				GCC_DYNAMIC_NO_PIC = YES;
				GCC_OPTIMIZATION_LEVEL = 0;
				GCC_PREPROCESSOR_DEFINITIONS = (
					"DEBUG=1",
					"$(inherited)",
				);
				GCC_WARN_64_TO_32_BIT_CONVERSION = YES;
				GCC_WARN_ABOUT_RETURN_TYPE = YES_ERROR;
				GCC_WARN_SHADOW = YES;
				GCC_WARN_UNDECLARED_SELECTOR = YES;
				GCC_WARN_UNINITIALIZED_AUTOS = YES_AGGRESSIVE;
				GCC_WARN_UNUSED_FUNCTION = YES;
				GCC_WARN_UNUSED_LABEL = YES;
				GCC_WARN_UNUSED_PARAMETER = YES;
				GCC_WARN_UNUSED_VARIABLE = YES;
				MTL_ENABLE_DEBUG_INFO = YES;
				SWIFT_ACTIVE_COMPILATION_CONDITIONS = DEBUG;
				SWIFT_OBJC_BRIDGING_HEADER = NarodMonMenubarApp/BridgingHeader.h;
				SWIFT_OPTIMIZATION_LEVEL = "-Onone";
			};
			name = Debug;
		};
		11A3D1E71E82CE5D00E7163D /* Release */ = {
			isa = XCBuildConfiguration;
			buildSettings = {
				CLANG_ANALYZER_NONNULL = YES;
				CLANG_ENABLE_MODULES = YES;
				CLANG_WARN_BOOL_CONVERSION = YES;
				CLANG_WARN_CONSTANT_CONVERSION = YES;
				CLANG_WARN_DIRECT_OBJC_ISA_USAGE = YES_ERROR;
				CLANG_WARN_DOCUMENTATION_COMMENTS = YES;
				CLANG_WARN_EMPTY_BODY = YES;
				CLANG_WARN_ENUM_CONVERSION = YES;
				CLANG_WARN_INFINITE_RECURSION = YES;
				CLANG_WARN_INT_CONVERSION = YES;
				CLANG_WARN_OBJC_ROOT_CLASS = YES_ERROR;
				CLANG_WARN_SUSPICIOUS_MOVE = YES;
				CLANG_WARN_UNREACHABLE_CODE = YES;
				CLANG_WARN__DUPLICATE_METHOD_MATCH = YES;
				CODE_SIGN_IDENTITY = "Mac Developer: niki-timofe@ya.ru (2K765C2VK3)";
				DEVELOPMENT_TEAM = K8RU6J728Q;
				ENABLE_NS_ASSERTIONS = NO;
				GCC_DYNAMIC_NO_PIC = YES;
				GCC_OPTIMIZATION_LEVEL = fast;
				GCC_WARN_64_TO_32_BIT_CONVERSION = YES;
				GCC_WARN_ABOUT_RETURN_TYPE = YES_ERROR;
				GCC_WARN_SHADOW = YES;
				GCC_WARN_UNDECLARED_SELECTOR = YES;
				GCC_WARN_UNINITIALIZED_AUTOS = YES_AGGRESSIVE;
				GCC_WARN_UNUSED_FUNCTION = YES;
				GCC_WARN_UNUSED_LABEL = YES;
				GCC_WARN_UNUSED_PARAMETER = YES;
				GCC_WARN_UNUSED_VARIABLE = YES;
				MTL_ENABLE_DEBUG_INFO = NO;
				SWIFT_OBJC_BRIDGING_HEADER = NarodMonMenubarApp/BridgingHeader.h;
				SWIFT_OPTIMIZATION_LEVEL = "-Owholemodule";
			};
			name = Release;
		};
		11A3D1E91E82CE5D00E7163D /* Debug */ = {
			isa = XCBuildConfiguration;
			buildSettings = {
				ASSETCATALOG_COMPILER_APPICON_NAME = AppIcon;
				CODE_SIGN_ENTITLEMENTS = NarodMonMenubarApp/NarodMonMenubarApp.entitlements;
				CODE_SIGN_IDENTITY = "Mac Developer";
				COMBINE_HIDPI_IMAGES = YES;
				DEVELOPMENT_TEAM = K8RU6J728Q;
				INFOPLIST_FILE = NarodMonMenubarApp/Info.plist;
				LD_RUNPATH_SEARCH_PATHS = "$(inherited) @executable_path/../Frameworks";
				LIBRARY_SEARCH_PATHS = (
					"$(inherited)",
					"$(SDKROOT)/usr/lib/system",
				);
				PRODUCT_BUNDLE_IDENTIFIER = "ru.niki-timofe.NarodMonMenubarApp";
				PRODUCT_NAME = "$(TARGET_NAME)";
				SWIFT_VERSION = 3.0;
				VERSIONING_SYSTEM = "";
			};
			name = Debug;
		};
		11A3D1EA1E82CE5D00E7163D /* Release */ = {
			isa = XCBuildConfiguration;
			buildSettings = {
				ASSETCATALOG_COMPILER_APPICON_NAME = AppIcon;
				CODE_SIGN_ENTITLEMENTS = NarodMonMenubarApp/NarodMonMenubarApp.entitlements;
				CODE_SIGN_IDENTITY = "Mac Developer";
				COMBINE_HIDPI_IMAGES = YES;
				DEVELOPMENT_TEAM = K8RU6J728Q;
				INFOPLIST_FILE = NarodMonMenubarApp/Info.plist;
				LD_RUNPATH_SEARCH_PATHS = "$(inherited) @executable_path/../Frameworks";
				LIBRARY_SEARCH_PATHS = (
					"$(inherited)",
					"$(SDKROOT)/usr/lib/system",
				);
				PRODUCT_BUNDLE_IDENTIFIER = "ru.niki-timofe.NarodMonMenubarApp";
				PRODUCT_NAME = "$(TARGET_NAME)";
				SWIFT_VERSION = 3.0;
				VERSIONING_SYSTEM = "";
			};
			name = Release;
		};
/* End XCBuildConfiguration section */

/* Begin XCConfigurationList section */
		11A3D1D61E82CE5D00E7163D /* Build configuration list for PBXProject "NarodMonMenubarApp" */ = {
			isa = XCConfigurationList;
			buildConfigurations = (
				11A3D1E61E82CE5D00E7163D /* Debug */,
				11A3D1E71E82CE5D00E7163D /* Release */,
			);
			defaultConfigurationIsVisible = 0;
			defaultConfigurationName = Release;
		};
		11A3D1E81E82CE5D00E7163D /* Build configuration list for PBXNativeTarget "Народный мониторинг" */ = {
			isa = XCConfigurationList;
			buildConfigurations = (
				11A3D1E91E82CE5D00E7163D /* Debug */,
				11A3D1EA1E82CE5D00E7163D /* Release */,
			);
			defaultConfigurationIsVisible = 0;
			defaultConfigurationName = Release;
		};
/* End XCConfigurationList section */
	};
	rootObject = 11A3D1D31E82CE5D00E7163D /* Project object */;
}
