// !$*UTF8*$!
{
	archiveVersion = 1;
	classes = {
	};
	objectVersion = 46;
	objects = {

/* Begin PBXBuildFile section */
		C5DBD79C1960C22000E96244 /* Cocoa.framework in Frameworks */ = {isa = PBXBuildFile; fileRef = C5DBD79B1960C22000E96244 /* Cocoa.framework */; };
		C5DBD7A61960C22000E96244 /* InfoPlist.strings in Resources */ = {isa = PBXBuildFile; fileRef = C5DBD7A41960C22000E96244 /* InfoPlist.strings */; };
		C5DBD7A81960C22000E96244 /* main.m in Sources */ = {isa = PBXBuildFile; fileRef = C5DBD7A71960C22000E96244 /* main.m */; };
		C5DBD7AC1960C22000E96244 /* Credits.rtf in Resources */ = {isa = PBXBuildFile; fileRef = C5DBD7AA1960C22000E96244 /* Credits.rtf */; };
		C5DBD7AF1960C22000E96244 /* AppDelegate.m in Sources */ = {isa = PBXBuildFile; fileRef = C5DBD7AE1960C22000E96244 /* AppDelegate.m */; };
		C5DBD7B21960C22000E96244 /* MainMenu.xib in Resources */ = {isa = PBXBuildFile; fileRef = C5DBD7B01960C22000E96244 /* MainMenu.xib */; };
		C5DBD7B41960C22000E96244 /* Images.xcassets in Resources */ = {isa = PBXBuildFile; fileRef = C5DBD7B31960C22000E96244 /* Images.xcassets */; };
		C5DBD7BB1960C22000E96244 /* XCTest.framework in Frameworks */ = {isa = PBXBuildFile; fileRef = C5DBD7BA1960C22000E96244 /* XCTest.framework */; };
		C5DBD7BC1960C22000E96244 /* Cocoa.framework in Frameworks */ = {isa = PBXBuildFile; fileRef = C5DBD79B1960C22000E96244 /* Cocoa.framework */; };
		C5DBD7C41960C22000E96244 /* InfoPlist.strings in Resources */ = {isa = PBXBuildFile; fileRef = C5DBD7C21960C22000E96244 /* InfoPlist.strings */; };
		C5DBD7C61960C22000E96244 /* NarodMonTests.m in Sources */ = {isa = PBXBuildFile; fileRef = C5DBD7C51960C22000E96244 /* NarodMonTests.m */; };
		C5DBD7D4196173A200E96244 /* SetCoordinates.m in Sources */ = {isa = PBXBuildFile; fileRef = C5DBD7D2196173A200E96244 /* SetCoordinates.m */; };
		C5DBD7D5196173A200E96244 /* SetCoordinates.xib in Resources */ = {isa = PBXBuildFile; fileRef = C5DBD7D3196173A200E96244 /* SetCoordinates.xib */; };
/* End PBXBuildFile section */

/* Begin PBXContainerItemProxy section */
		C5DBD7BD1960C22000E96244 /* PBXContainerItemProxy */ = {
			isa = PBXContainerItemProxy;
			containerPortal = C5DBD7901960C21F00E96244 /* Project object */;
			proxyType = 1;
			remoteGlobalIDString = C5DBD7971960C21F00E96244;
			remoteInfo = NarodMon;
		};
/* End PBXContainerItemProxy section */

/* Begin PBXFileReference section */
		C5DBD7981960C22000E96244 /* NarodMon.app */ = {isa = PBXFileReference; explicitFileType = wrapper.application; includeInIndex = 0; path = NarodMon.app; sourceTree = BUILT_PRODUCTS_DIR; };
		C5DBD79B1960C22000E96244 /* Cocoa.framework */ = {isa = PBXFileReference; lastKnownFileType = wrapper.framework; name = Cocoa.framework; path = System/Library/Frameworks/Cocoa.framework; sourceTree = SDKROOT; };
		C5DBD79E1960C22000E96244 /* AppKit.framework */ = {isa = PBXFileReference; lastKnownFileType = wrapper.framework; name = AppKit.framework; path = System/Library/Frameworks/AppKit.framework; sourceTree = SDKROOT; };
		C5DBD79F1960C22000E96244 /* CoreData.framework */ = {isa = PBXFileReference; lastKnownFileType = wrapper.framework; name = CoreData.framework; path = System/Library/Frameworks/CoreData.framework; sourceTree = SDKROOT; };
		C5DBD7A01960C22000E96244 /* Foundation.framework */ = {isa = PBXFileReference; lastKnownFileType = wrapper.framework; name = Foundation.framework; path = System/Library/Frameworks/Foundation.framework; sourceTree = SDKROOT; };
		C5DBD7A31960C22000E96244 /* NarodMon-Info.plist */ = {isa = PBXFileReference; lastKnownFileType = text.plist.xml; path = "NarodMon-Info.plist"; sourceTree = "<group>"; };
		C5DBD7A51960C22000E96244 /* en */ = {isa = PBXFileReference; lastKnownFileType = text.plist.strings; name = en; path = en.lproj/InfoPlist.strings; sourceTree = "<group>"; };
		C5DBD7A71960C22000E96244 /* main.m */ = {isa = PBXFileReference; lastKnownFileType = sourcecode.c.objc; path = main.m; sourceTree = "<group>"; };
		C5DBD7A91960C22000E96244 /* NarodMon-Prefix.pch */ = {isa = PBXFileReference; lastKnownFileType = sourcecode.c.h; path = "NarodMon-Prefix.pch"; sourceTree = "<group>"; };
		C5DBD7AB1960C22000E96244 /* en */ = {isa = PBXFileReference; lastKnownFileType = text.rtf; name = en; path = en.lproj/Credits.rtf; sourceTree = "<group>"; };
		C5DBD7AD1960C22000E96244 /* AppDelegate.h */ = {isa = PBXFileReference; lastKnownFileType = sourcecode.c.h; path = AppDelegate.h; sourceTree = "<group>"; };
		C5DBD7AE1960C22000E96244 /* AppDelegate.m */ = {isa = PBXFileReference; lastKnownFileType = sourcecode.c.objc; path = AppDelegate.m; sourceTree = "<group>"; };
		C5DBD7B11960C22000E96244 /* Base */ = {isa = PBXFileReference; lastKnownFileType = file.xib; name = Base; path = Base.lproj/MainMenu.xib; sourceTree = "<group>"; };
		C5DBD7B31960C22000E96244 /* Images.xcassets */ = {isa = PBXFileReference; lastKnownFileType = folder.assetcatalog; path = Images.xcassets; sourceTree = "<group>"; };
		C5DBD7B91960C22000E96244 /* NarodMonTests.xctest */ = {isa = PBXFileReference; explicitFileType = wrapper.cfbundle; includeInIndex = 0; path = NarodMonTests.xctest; sourceTree = BUILT_PRODUCTS_DIR; };
		C5DBD7BA1960C22000E96244 /* XCTest.framework */ = {isa = PBXFileReference; lastKnownFileType = wrapper.framework; name = XCTest.framework; path = Library/Frameworks/XCTest.framework; sourceTree = DEVELOPER_DIR; };
		C5DBD7C11960C22000E96244 /* NarodMonTests-Info.plist */ = {isa = PBXFileReference; lastKnownFileType = text.plist.xml; path = "NarodMonTests-Info.plist"; sourceTree = "<group>"; };
		C5DBD7C31960C22000E96244 /* en */ = {isa = PBXFileReference; lastKnownFileType = text.plist.strings; name = en; path = en.lproj/InfoPlist.strings; sourceTree = "<group>"; };
		C5DBD7C51960C22000E96244 /* NarodMonTests.m */ = {isa = PBXFileReference; lastKnownFileType = sourcecode.c.objc; path = NarodMonTests.m; sourceTree = "<group>"; };
		C5DBD7D1196173A200E96244 /* SetCoordinates.h */ = {isa = PBXFileReference; fileEncoding = 4; lastKnownFileType = sourcecode.c.h; path = SetCoordinates.h; sourceTree = "<group>"; };
		C5DBD7D2196173A200E96244 /* SetCoordinates.m */ = {isa = PBXFileReference; fileEncoding = 4; lastKnownFileType = sourcecode.c.objc; path = SetCoordinates.m; sourceTree = "<group>"; };
		C5DBD7D3196173A200E96244 /* SetCoordinates.xib */ = {isa = PBXFileReference; fileEncoding = 4; lastKnownFileType = file.xib; path = SetCoordinates.xib; sourceTree = "<group>"; };
/* End PBXFileReference section */

/* Begin PBXFrameworksBuildPhase section */
		C5DBD7951960C21F00E96244 /* Frameworks */ = {
			isa = PBXFrameworksBuildPhase;
			buildActionMask = 2147483647;
			files = (
				C5DBD79C1960C22000E96244 /* Cocoa.framework in Frameworks */,
			);
			runOnlyForDeploymentPostprocessing = 0;
		};
		C5DBD7B61960C22000E96244 /* Frameworks */ = {
			isa = PBXFrameworksBuildPhase;
			buildActionMask = 2147483647;
			files = (
				C5DBD7BC1960C22000E96244 /* Cocoa.framework in Frameworks */,
				C5DBD7BB1960C22000E96244 /* XCTest.framework in Frameworks */,
			);
			runOnlyForDeploymentPostprocessing = 0;
		};
/* End PBXFrameworksBuildPhase section */

/* Begin PBXGroup section */
		C5DBD78F1960C21F00E96244 = {
			isa = PBXGroup;
			children = (
				C5DBD7A11960C22000E96244 /* NarodMon */,
				C5DBD7BF1960C22000E96244 /* NarodMonTests */,
				C5DBD79A1960C22000E96244 /* Frameworks */,
				C5DBD7991960C22000E96244 /* Products */,
			);
			sourceTree = "<group>";
		};
		C5DBD7991960C22000E96244 /* Products */ = {
			isa = PBXGroup;
			children = (
				C5DBD7981960C22000E96244 /* NarodMon.app */,
				C5DBD7B91960C22000E96244 /* NarodMonTests.xctest */,
			);
			name = Products;
			sourceTree = "<group>";
		};
		C5DBD79A1960C22000E96244 /* Frameworks */ = {
			isa = PBXGroup;
			children = (
				C5DBD79B1960C22000E96244 /* Cocoa.framework */,
				C5DBD7BA1960C22000E96244 /* XCTest.framework */,
				C5DBD79D1960C22000E96244 /* Other Frameworks */,
			);
			name = Frameworks;
			sourceTree = "<group>";
		};
		C5DBD79D1960C22000E96244 /* Other Frameworks */ = {
			isa = PBXGroup;
			children = (
				C5DBD79E1960C22000E96244 /* AppKit.framework */,
				C5DBD79F1960C22000E96244 /* CoreData.framework */,
				C5DBD7A01960C22000E96244 /* Foundation.framework */,
			);
			name = "Other Frameworks";
			sourceTree = "<group>";
		};
		C5DBD7A11960C22000E96244 /* NarodMon */ = {
			isa = PBXGroup;
			children = (
				C5DBD7D01961735800E96244 /* Setup */,
				C5DBD7AD1960C22000E96244 /* AppDelegate.h */,
				C5DBD7AE1960C22000E96244 /* AppDelegate.m */,
				C5DBD7B01960C22000E96244 /* MainMenu.xib */,
				C5DBD7B31960C22000E96244 /* Images.xcassets */,
				C5DBD7A21960C22000E96244 /* Supporting Files */,
			);
			path = NarodMon;
			sourceTree = "<group>";
		};
		C5DBD7A21960C22000E96244 /* Supporting Files */ = {
			isa = PBXGroup;
			children = (
				C5DBD7A31960C22000E96244 /* NarodMon-Info.plist */,
				C5DBD7A41960C22000E96244 /* InfoPlist.strings */,
				C5DBD7A71960C22000E96244 /* main.m */,
				C5DBD7A91960C22000E96244 /* NarodMon-Prefix.pch */,
				C5DBD7AA1960C22000E96244 /* Credits.rtf */,
			);
			name = "Supporting Files";
			sourceTree = "<group>";
		};
		C5DBD7BF1960C22000E96244 /* NarodMonTests */ = {
			isa = PBXGroup;
			children = (
				C5DBD7C51960C22000E96244 /* NarodMonTests.m */,
				C5DBD7C01960C22000E96244 /* Supporting Files */,
			);
			path = NarodMonTests;
			sourceTree = "<group>";
		};
		C5DBD7C01960C22000E96244 /* Supporting Files */ = {
			isa = PBXGroup;
			children = (
				C5DBD7C11960C22000E96244 /* NarodMonTests-Info.plist */,
				C5DBD7C21960C22000E96244 /* InfoPlist.strings */,
			);
			name = "Supporting Files";
			sourceTree = "<group>";
		};
		C5DBD7D01961735800E96244 /* Setup */ = {
			isa = PBXGroup;
			children = (
				C5DBD7D1196173A200E96244 /* SetCoordinates.h */,
				C5DBD7D2196173A200E96244 /* SetCoordinates.m */,
				C5DBD7D3196173A200E96244 /* SetCoordinates.xib */,
			);
			name = Setup;
			sourceTree = "<group>";
		};
/* End PBXGroup section */

/* Begin PBXNativeTarget section */
		C5DBD7971960C21F00E96244 /* NarodMon */ = {
			isa = PBXNativeTarget;
			buildConfigurationList = C5DBD7C91960C22000E96244 /* Build configuration list for PBXNativeTarget "NarodMon" */;
			buildPhases = (
				C5DBD7941960C21F00E96244 /* Sources */,
				C5DBD7951960C21F00E96244 /* Frameworks */,
				C5DBD7961960C21F00E96244 /* Resources */,
			);
			buildRules = (
			);
			dependencies = (
			);
			name = NarodMon;
			productName = NarodMon;
			productReference = C5DBD7981960C22000E96244 /* NarodMon.app */;
			productType = "com.apple.product-type.application";
		};
		C5DBD7B81960C22000E96244 /* NarodMonTests */ = {
			isa = PBXNativeTarget;
			buildConfigurationList = C5DBD7CC1960C22000E96244 /* Build configuration list for PBXNativeTarget "NarodMonTests" */;
			buildPhases = (
				C5DBD7B51960C22000E96244 /* Sources */,
				C5DBD7B61960C22000E96244 /* Frameworks */,
				C5DBD7B71960C22000E96244 /* Resources */,
			);
			buildRules = (
			);
			dependencies = (
				C5DBD7BE1960C22000E96244 /* PBXTargetDependency */,
			);
			name = NarodMonTests;
			productName = NarodMonTests;
			productReference = C5DBD7B91960C22000E96244 /* NarodMonTests.xctest */;
			productType = "com.apple.product-type.bundle.unit-test";
		};
/* End PBXNativeTarget section */

/* Begin PBXProject section */
		C5DBD7901960C21F00E96244 /* Project object */ = {
			isa = PBXProject;
			attributes = {
				LastUpgradeCheck = 0510;
				ORGANIZATIONNAME = "Тимофеев Никита";
				TargetAttributes = {
					C5DBD7B81960C22000E96244 = {
						TestTargetID = C5DBD7971960C21F00E96244;
					};
				};
			};
			buildConfigurationList = C5DBD7931960C21F00E96244 /* Build configuration list for PBXProject "NarodMon" */;
			compatibilityVersion = "Xcode 3.2";
			developmentRegion = English;
			hasScannedForEncodings = 0;
			knownRegions = (
				en,
				Base,
			);
			mainGroup = C5DBD78F1960C21F00E96244;
			productRefGroup = C5DBD7991960C22000E96244 /* Products */;
			projectDirPath = "";
			projectRoot = "";
			targets = (
				C5DBD7971960C21F00E96244 /* NarodMon */,
				C5DBD7B81960C22000E96244 /* NarodMonTests */,
			);
		};
/* End PBXProject section */

/* Begin PBXResourcesBuildPhase section */
		C5DBD7961960C21F00E96244 /* Resources */ = {
			isa = PBXResourcesBuildPhase;
			buildActionMask = 2147483647;
			files = (
				C5DBD7A61960C22000E96244 /* InfoPlist.strings in Resources */,
				C5DBD7B41960C22000E96244 /* Images.xcassets in Resources */,
				C5DBD7AC1960C22000E96244 /* Credits.rtf in Resources */,
				C5DBD7D5196173A200E96244 /* SetCoordinates.xib in Resources */,
				C5DBD7B21960C22000E96244 /* MainMenu.xib in Resources */,
			);
			runOnlyForDeploymentPostprocessing = 0;
		};
		C5DBD7B71960C22000E96244 /* Resources */ = {
			isa = PBXResourcesBuildPhase;
			buildActionMask = 2147483647;
			files = (
				C5DBD7C41960C22000E96244 /* InfoPlist.strings in Resources */,
			);
			runOnlyForDeploymentPostprocessing = 0;
		};
/* End PBXResourcesBuildPhase section */

/* Begin PBXSourcesBuildPhase section */
		C5DBD7941960C21F00E96244 /* Sources */ = {
			isa = PBXSourcesBuildPhase;
			buildActionMask = 2147483647;
			files = (
				C5DBD7AF1960C22000E96244 /* AppDelegate.m in Sources */,
				C5DBD7D4196173A200E96244 /* SetCoordinates.m in Sources */,
				C5DBD7A81960C22000E96244 /* main.m in Sources */,
			);
			runOnlyForDeploymentPostprocessing = 0;
		};
		C5DBD7B51960C22000E96244 /* Sources */ = {
			isa = PBXSourcesBuildPhase;
			buildActionMask = 2147483647;
			files = (
				C5DBD7C61960C22000E96244 /* NarodMonTests.m in Sources */,
			);
			runOnlyForDeploymentPostprocessing = 0;
		};
/* End PBXSourcesBuildPhase section */

/* Begin PBXTargetDependency section */
		C5DBD7BE1960C22000E96244 /* PBXTargetDependency */ = {
			isa = PBXTargetDependency;
			target = C5DBD7971960C21F00E96244 /* NarodMon */;
			targetProxy = C5DBD7BD1960C22000E96244 /* PBXContainerItemProxy */;
		};
/* End PBXTargetDependency section */

/* Begin PBXVariantGroup section */
		C5DBD7A41960C22000E96244 /* InfoPlist.strings */ = {
			isa = PBXVariantGroup;
			children = (
				C5DBD7A51960C22000E96244 /* en */,
			);
			name = InfoPlist.strings;
			sourceTree = "<group>";
		};
		C5DBD7AA1960C22000E96244 /* Credits.rtf */ = {
			isa = PBXVariantGroup;
			children = (
				C5DBD7AB1960C22000E96244 /* en */,
			);
			name = Credits.rtf;
			sourceTree = "<group>";
		};
		C5DBD7B01960C22000E96244 /* MainMenu.xib */ = {
			isa = PBXVariantGroup;
			children = (
				C5DBD7B11960C22000E96244 /* Base */,
			);
			name = MainMenu.xib;
			sourceTree = "<group>";
		};
		C5DBD7C21960C22000E96244 /* InfoPlist.strings */ = {
			isa = PBXVariantGroup;
			children = (
				C5DBD7C31960C22000E96244 /* en */,
			);
			name = InfoPlist.strings;
			sourceTree = "<group>";
		};
/* End PBXVariantGroup section */

/* Begin XCBuildConfiguration section */
		C5DBD7C71960C22000E96244 /* Debug */ = {
			isa = XCBuildConfiguration;
			buildSettings = {
				ALWAYS_SEARCH_USER_PATHS = NO;
				CLANG_CXX_LANGUAGE_STANDARD = "gnu++0x";
				CLANG_CXX_LIBRARY = "libc++";
				CLANG_ENABLE_MODULES = YES;
				CLANG_ENABLE_OBJC_ARC = YES;
				CLANG_WARN_BOOL_CONVERSION = YES;
				CLANG_WARN_CONSTANT_CONVERSION = YES;
				CLANG_WARN_DIRECT_OBJC_ISA_USAGE = YES_ERROR;
				CLANG_WARN_EMPTY_BODY = YES;
				CLANG_WARN_ENUM_CONVERSION = YES;
				CLANG_WARN_INT_CONVERSION = YES;
				CLANG_WARN_OBJC_ROOT_CLASS = YES_ERROR;
				CLANG_WARN__DUPLICATE_METHOD_MATCH = YES;
				COPY_PHASE_STRIP = NO;
				GCC_C_LANGUAGE_STANDARD = gnu99;
				GCC_DYNAMIC_NO_PIC = NO;
				GCC_ENABLE_OBJC_EXCEPTIONS = YES;
				GCC_OPTIMIZATION_LEVEL = 0;
				GCC_PREPROCESSOR_DEFINITIONS = (
					"DEBUG=1",
					"$(inherited)",
				);
				GCC_SYMBOLS_PRIVATE_EXTERN = NO;
				GCC_WARN_64_TO_32_BIT_CONVERSION = YES;
				GCC_WARN_ABOUT_RETURN_TYPE = YES_ERROR;
				GCC_WARN_UNDECLARED_SELECTOR = YES;
				GCC_WARN_UNINITIALIZED_AUTOS = YES_AGGRESSIVE;
				GCC_WARN_UNUSED_FUNCTION = YES;
				GCC_WARN_UNUSED_VARIABLE = YES;
				MACOSX_DEPLOYMENT_TARGET = 10.9;
				ONLY_ACTIVE_ARCH = YES;
				SDKROOT = macosx;
			};
			name = Debug;
		};
		C5DBD7C81960C22000E96244 /* Release */ = {
			isa = XCBuildConfiguration;
			buildSettings = {
				ALWAYS_SEARCH_USER_PATHS = NO;
				CLANG_CXX_LANGUAGE_STANDARD = "gnu++0x";
				CLANG_CXX_LIBRARY = "libc++";
				CLANG_ENABLE_MODULES = YES;
				CLANG_ENABLE_OBJC_ARC = YES;
				CLANG_WARN_BOOL_CONVERSION = YES;
				CLANG_WARN_CONSTANT_CONVERSION = YES;
				CLANG_WARN_DIRECT_OBJC_ISA_USAGE = YES_ERROR;
				CLANG_WARN_EMPTY_BODY = YES;
				CLANG_WARN_ENUM_CONVERSION = YES;
				CLANG_WARN_INT_CONVERSION = YES;
				CLANG_WARN_OBJC_ROOT_CLASS = YES_ERROR;
				CLANG_WARN__DUPLICATE_METHOD_MATCH = YES;
				COPY_PHASE_STRIP = YES;
				DEBUG_INFORMATION_FORMAT = "dwarf-with-dsym";
				ENABLE_NS_ASSERTIONS = NO;
				GCC_C_LANGUAGE_STANDARD = gnu99;
				GCC_ENABLE_OBJC_EXCEPTIONS = YES;
				GCC_WARN_64_TO_32_BIT_CONVERSION = YES;
				GCC_WARN_ABOUT_RETURN_TYPE = YES_ERROR;
				GCC_WARN_UNDECLARED_SELECTOR = YES;
				GCC_WARN_UNINITIALIZED_AUTOS = YES_AGGRESSIVE;
				GCC_WARN_UNUSED_FUNCTION = YES;
				GCC_WARN_UNUSED_VARIABLE = YES;
				MACOSX_DEPLOYMENT_TARGET = 10.9;
				SDKROOT = macosx;
			};
			name = Release;
		};
		C5DBD7CA1960C22000E96244 /* Debug */ = {
			isa = XCBuildConfiguration;
			buildSettings = {
				ASSETCATALOG_COMPILER_APPICON_NAME = AppIcon;
				COMBINE_HIDPI_IMAGES = YES;
				GCC_PRECOMPILE_PREFIX_HEADER = YES;
				GCC_PREFIX_HEADER = "NarodMon/NarodMon-Prefix.pch";
				INFOPLIST_FILE = "NarodMon/NarodMon-Info.plist";
				PRODUCT_NAME = "$(TARGET_NAME)";
				WRAPPER_EXTENSION = app;
			};
			name = Debug;
		};
		C5DBD7CB1960C22000E96244 /* Release */ = {
			isa = XCBuildConfiguration;
			buildSettings = {
				ASSETCATALOG_COMPILER_APPICON_NAME = AppIcon;
				COMBINE_HIDPI_IMAGES = YES;
				GCC_PRECOMPILE_PREFIX_HEADER = YES;
				GCC_PREFIX_HEADER = "NarodMon/NarodMon-Prefix.pch";
				INFOPLIST_FILE = "NarodMon/NarodMon-Info.plist";
				PRODUCT_NAME = "$(TARGET_NAME)";
				WRAPPER_EXTENSION = app;
			};
			name = Release;
		};
		C5DBD7CD1960C22000E96244 /* Debug */ = {
			isa = XCBuildConfiguration;
			buildSettings = {
				BUNDLE_LOADER = "$(BUILT_PRODUCTS_DIR)/NarodMon.app/Contents/MacOS/NarodMon";
				COMBINE_HIDPI_IMAGES = YES;
				FRAMEWORK_SEARCH_PATHS = (
					"$(DEVELOPER_FRAMEWORKS_DIR)",
					"$(inherited)",
				);
				GCC_PRECOMPILE_PREFIX_HEADER = YES;
				GCC_PREFIX_HEADER = "NarodMon/NarodMon-Prefix.pch";
				GCC_PREPROCESSOR_DEFINITIONS = (
					"DEBUG=1",
					"$(inherited)",
				);
				INFOPLIST_FILE = "NarodMonTests/NarodMonTests-Info.plist";
				PRODUCT_NAME = "$(TARGET_NAME)";
				TEST_HOST = "$(BUNDLE_LOADER)";
				WRAPPER_EXTENSION = xctest;
			};
			name = Debug;
		};
		C5DBD7CE1960C22000E96244 /* Release */ = {
			isa = XCBuildConfiguration;
			buildSettings = {
				BUNDLE_LOADER = "$(BUILT_PRODUCTS_DIR)/NarodMon.app/Contents/MacOS/NarodMon";
				COMBINE_HIDPI_IMAGES = YES;
				FRAMEWORK_SEARCH_PATHS = (
					"$(DEVELOPER_FRAMEWORKS_DIR)",
					"$(inherited)",
				);
				GCC_PRECOMPILE_PREFIX_HEADER = YES;
				GCC_PREFIX_HEADER = "NarodMon/NarodMon-Prefix.pch";
				INFOPLIST_FILE = "NarodMonTests/NarodMonTests-Info.plist";
				PRODUCT_NAME = "$(TARGET_NAME)";
				TEST_HOST = "$(BUNDLE_LOADER)";
				WRAPPER_EXTENSION = xctest;
			};
			name = Release;
		};
/* End XCBuildConfiguration section */

/* Begin XCConfigurationList section */
		C5DBD7931960C21F00E96244 /* Build configuration list for PBXProject "NarodMon" */ = {
			isa = XCConfigurationList;
			buildConfigurations = (
				C5DBD7C71960C22000E96244 /* Debug */,
				C5DBD7C81960C22000E96244 /* Release */,
			);
			defaultConfigurationIsVisible = 0;
			defaultConfigurationName = Release;
		};
		C5DBD7C91960C22000E96244 /* Build configuration list for PBXNativeTarget "NarodMon" */ = {
			isa = XCConfigurationList;
			buildConfigurations = (
				C5DBD7CA1960C22000E96244 /* Debug */,
				C5DBD7CB1960C22000E96244 /* Release */,
			);
			defaultConfigurationIsVisible = 0;
			defaultConfigurationName = Release;
		};
		C5DBD7CC1960C22000E96244 /* Build configuration list for PBXNativeTarget "NarodMonTests" */ = {
			isa = XCConfigurationList;
			buildConfigurations = (
				C5DBD7CD1960C22000E96244 /* Debug */,
				C5DBD7CE1960C22000E96244 /* Release */,
			);
			defaultConfigurationIsVisible = 0;
			defaultConfigurationName = Release;
		};
/* End XCConfigurationList section */
	};
	rootObject = C5DBD7901960C21F00E96244 /* Project object */;
}
